
Microsoft Visual Studio Solution File, Format Version 11.00
# Visual Studio 2010
Project("{8BC9CEB8-8B4A-11D0-8D11-00A0C91BC942}") = "NPHello", "NPHello\NPHello.vcxproj", "{D843CC74-33FF-419D-A029-C7CCD3B3BF58}"
EndProject
Global
	GlobalSection(SolutionConfigurationPlatforms) = preSolution
		Debug|Win32 = Debug|Win32
		Release|Win32 = Release|Win32
	EndGlobalSection
	GlobalSection(ProjectConfigurationPlatforms) = postSolution
		{D843CC74-33FF-419D-A029-C7CCD3B3BF58}.Debug|Win32.ActiveCfg = Debug|Win32
		{D843CC74-33FF-419D-A029-C7CCD3B3BF58}.Debug|Win32.Build.0 = Debug|Win32
		{D843CC74-33FF-419D-A029-C7CCD3B3BF58}.Release|Win32.ActiveCfg = Release|Win32
		{D843CC74-33FF-419D-A029-C7CCD3B3BF58}.Release|Win32.Build.0 = Release|Win32
	EndGlobalSection
	GlobalSection(SolutionProperties) = preSolution
		HideSolutionNode = FALSE
	EndGlobalSection
EndGlobal
